{
  "name": "sudashi-synonyms-dictionary",
  "version": "1.0.0",
  "lockfileVersion": 1,
  "requires": true,
  "dependencies": {
    "csv.js": {
      "version": "1.0.7",
      "resolved": "https://registry.npmjs.org/csv.js/-/csv.js-1.0.7.tgz",
      "integrity": "sha512-Soyak0jeZSNTeaOMkRotL7o4bk5IeOUzPim4GSy1UyfB2PS2g1MKyeDFEuffe90TbZ6d0vZ0f34wOfrS+sd4VQ==",
      "dev": true
    },
    "node-fetch": {
      "version": "2.6.0",
      "resolved": "https://registry.npmjs.org/node-fetch/-/node-fetch-2.6.0.tgz",
      "integrity": "sha512-8dG4H5ujfvFiqDmVu9fQ5bOHUC15JMjMY/Zumv26oOvvVJjM67KF8koCWIabKQ1GJIa9r2mMZscBq/TbdOcmNA==",
      "dev": true
    },
    "papaparse": {
      "version": "5.1.0",
      "resolved": "https://registry.npmjs.org/papaparse/-/papaparse-5.1.0.tgz",
      "integrity": "sha512-3jEYMiCc8qN7V5ffi2BTS2mRauKxCu5AIED6DxbjnHhIm7OY7fzKYkndfPlHWaaKUDCTml5XTU6V+hiuxGlZuw==",
      "dev": true
    },
    "sudashi-synonyms-parser": {
      "version": "1.0.1",
      "resolved": "https://registry.npmjs.org/sudashi-synonyms-parser/-/sudashi-synonyms-parser-1.0.1.tgz",
      "integrity": "sha512-qH6DZLeU4ZpBfPSlHaeL1a8PEELKbUtbEW8wY+T4pZKWegVFU3Q1yZwU5bzln3p1gza2UYpR8w2qxuO14yglIA==",
      "dev": true,
      "requires": {
        "csv.js": "^1.0.7",
        "papaparse": "^5.1.0"
      }
    }
  }
}
